
Microsoft Visual Studio Solution File, Format Version 12.00
# Visual Studio 15
Project("{FAE04EC0-301F-11D3-BF4B-00C04F79EFBC}") = "DatingApp.API", "DatingApp.API.csproj", "{C312D501-4887-47D0-B70E-46581CD9BF56}"
EndProject
Global
	GlobalSection(SolutionConfigurationPlatforms) = preSolution
		Debug|Any CPU = Debug|Any CPU
		Release|Any CPU = Release|Any CPU
	EndGlobalSection
	GlobalSection(ProjectConfigurationPlatforms) = postSolution
		{C312D501-4887-47D0-B70E-46581CD9BF56}.Debug|Any CPU.ActiveCfg = Debug|Any CPU
		{C312D501-4887-47D0-B70E-46581CD9BF56}.Debug|Any CPU.Build.0 = Debug|Any CPU
		{C312D501-4887-47D0-B70E-46581CD9BF56}.Release|Any CPU.ActiveCfg = Release|Any CPU
		{C312D501-4887-47D0-B70E-46581CD9BF56}.Release|Any CPU.Build.0 = Release|Any CPU
	EndGlobalSection
	GlobalSection(MonoDevelopProperties) = preSolution
		Policies = $0
		$0.DotNetNamingPolicy = $1
		$1.DirectoryNamespaceAssociation = PrefixedHierarchical
		$0.VersionControlPolicy = $2
	EndGlobalSection
EndGlobal
